{
  "name": "hello-circle",
  "lockfileVersion": 3,
  "requires": true,
  "packages": {
    "": {
      "name": "hello-circle",
      "devDependencies": {
        "@kummahiih/circle-enroll": "^0.1.2",
        "@kummahiih/private-circle": "^0.3.3"
      },
      "engines": {
        "node": ">=18"
      }
    },
    "node_modules/@kummahiih/circle-enroll": {
      "version": "0.1.2",
      "resolved": "https://registry.npmjs.org/@kummahiih/circle-enroll/-/circle-enroll-0.1.2.tgz",
      "integrity": "sha512-a8WbWctipaxJbiLQ7+Zr+lzmAE7T3HU38W92pfSLTqCNB7Ui2Qvf908LQk7E3bKEgPnk147bxsSjw1M84ZC7BA==",
      "dev": true,
      "license": "Apache-2.0",
      "bin": {
        "circle-enroll": "bin/cli.mjs"
      },
      "engines": {
        "node": ">=18"
      }
    },
    "node_modules/@kummahiih/private-circle": {
      "version": "0.3.3",
      "resolved": "https://registry.npmjs.org/@kummahiih/private-circle/-/private-circle-0.3.3.tgz",
      "integrity": "sha512-TIhSheWb1kat7WE462Rpm7E9CNa21A5NBOFbVhIiYszoR7+Kcf3W7x5T3gXg3lwX+43xbC1ai5hZ3ujYhzEovQ==",
      "dev": true,
      "license": "Apache-2.0",
      "dependencies": {
        "@kummahiih/circle-enroll": "^0.1.2"
      },
      "bin": {
        "private-circle": "bin/cli.mjs"
      },
      "engines": {
        "node": ">=18"
      }
    }
  }
}
