{
  "name": "hello-circle",
  "lockfileVersion": 3,
  "requires": true,
  "packages": {
    "": {
      "name": "hello-circle",
      "devDependencies": {
        "@kummahiih/circle-enroll": "^0.1.1",
        "@kummahiih/private-circle": "^0.3.1"
      },
      "engines": {
        "node": ">=18"
      }
    },
    "node_modules/@kummahiih/circle-enroll": {
      "version": "0.1.1",
      "resolved": "https://registry.npmjs.org/@kummahiih/circle-enroll/-/circle-enroll-0.1.1.tgz",
      "integrity": "sha512-yupZBeuNrV+ZxkSTE47KN9U4ONNARfrvgxhSlFuNFkWYCBUbwxjgsEl4JXiUx9Hm2snbbqkUHFKolJaqRD6Gfg==",
      "dev": true,
      "license": "Apache-2.0",
      "bin": {
        "circle-enroll": "bin/cli.mjs"
      },
      "engines": {
        "node": ">=18"
      }
    },
    "node_modules/@kummahiih/private-circle": {
      "version": "0.3.1",
      "resolved": "https://registry.npmjs.org/@kummahiih/private-circle/-/private-circle-0.3.1.tgz",
      "integrity": "sha512-GxT5rb6q46iA2uLi+riAIlfDyUXIs/FF+oDWXQ/c/mOKGP0TPWVloFg5eR7Sp1QXWL5xIBBRdI1fsHvEXRNz9Q==",
      "dev": true,
      "license": "Apache-2.0",
      "dependencies": {
        "@kummahiih/circle-enroll": "^0.1.1"
      },
      "bin": {
        "private-circle": "bin/cli.mjs"
      },
      "engines": {
        "node": ">=18"
      }
    }
  }
}
